github.com/sleepynut/Graph-Algorithm/DepthFirst v0.0.0-20221101063719-28cbf207e827 h1:8RGl0T/OdVlHJWT+JdWqYQ51zUnQYmQre4HRrWil1BM=
github.com/sleepynut/Graph-Algorithm/DepthFirst v0.0.0-20221101063719-28cbf207e827/go.mod h1:CvG3UAjdTd2NdMCNFtX8DgSkgliJGQJ+ZtVBA56cm4c=
github.com/sleepynut/Graph-Algorithm/Utils v0.0.0-20221101072022-3830d07327c0 h1:EeQ7i3gOqVjruaPDIItvDRE8GbwFouogpAB7B+aQMdQ=
github.com/sleepynut/Graph-Algorithm/Utils v0.0.0-20221101072022-3830d07327c0/go.mod h1:38aaGa4n2trr1cZSHabnadMcjdQzSebXXAYxgcXM0KY=
